
Microsoft Visual Studio Solution File, Format Version 12.00
# Visual Studio Version 16
VisualStudioVersion = 16.0.31515.178
MinimumVisualStudioVersion = 10.0.40219.1
Project("{FAE04EC0-301F-11D3-BF4B-00C04F79EFBC}") = "Regenesys Dev Part 2", "Regenesys Dev Part 2\Regenesys Dev Part 2.csproj", "{703C1DC6-EB12-4B12-A448-DA0DE19EB43C}"
EndProject
Global
	GlobalSection(SolutionConfigurationPlatforms) = preSolution
		Debug|Any CPU = Debug|Any CPU
		Release|Any CPU = Release|Any CPU
	EndGlobalSection
	GlobalSection(ProjectConfigurationPlatforms) = postSolution
		{703C1DC6-EB12-4B12-A448-DA0DE19EB43C}.Debug|Any CPU.ActiveCfg = Debug|Any CPU
		{703C1DC6-EB12-4B12-A448-DA0DE19EB43C}.Debug|Any CPU.Build.0 = Debug|Any CPU
		{703C1DC6-EB12-4B12-A448-DA0DE19EB43C}.Release|Any CPU.ActiveCfg = Release|Any CPU
		{703C1DC6-EB12-4B12-A448-DA0DE19EB43C}.Release|Any CPU.Build.0 = Release|Any CPU
	EndGlobalSection
	GlobalSection(SolutionProperties) = preSolution
		HideSolutionNode = FALSE
	EndGlobalSection
	GlobalSection(ExtensibilityGlobals) = postSolution
		SolutionGuid = {C06B786A-4143-4840-B54D-8FE67A7DDB3B}
	EndGlobalSection
EndGlobal
